
Microsoft Visual Studio Solution File, Format Version 12.00
# Visual Studio Version 16
VisualStudioVersion = 16.0.31829.152
MinimumVisualStudioVersion = 10.0.40219.1
Project("{FAE04EC0-301F-11D3-BF4B-00C04F79EFBC}") = "MCD_SystemIOWinForm", "MCD_SystemIOWinForm\MCD_SystemIOWinForm.csproj", "{935FC832-2ABF-45AC-BD37-3095208AFC2B}"
EndProject
Global
	GlobalSection(SolutionConfigurationPlatforms) = preSolution
		Debug|Any CPU = Debug|Any CPU
		Release|Any CPU = Release|Any CPU
	EndGlobalSection
	GlobalSection(ProjectConfigurationPlatforms) = postSolution
		{935FC832-2ABF-45AC-BD37-3095208AFC2B}.Debug|Any CPU.ActiveCfg = Debug|Any CPU
		{935FC832-2ABF-45AC-BD37-3095208AFC2B}.Debug|Any CPU.Build.0 = Debug|Any CPU
		{935FC832-2ABF-45AC-BD37-3095208AFC2B}.Release|Any CPU.ActiveCfg = Release|Any CPU
		{935FC832-2ABF-45AC-BD37-3095208AFC2B}.Release|Any CPU.Build.0 = Release|Any CPU
	EndGlobalSection
	GlobalSection(SolutionProperties) = preSolution
		HideSolutionNode = FALSE
	EndGlobalSection
	GlobalSection(ExtensibilityGlobals) = postSolution
		SolutionGuid = {D4CC3C7D-8B7E-4D3D-8D13-B18F8C8E7DEF}
	EndGlobalSection
EndGlobal
